
Microsoft Visual Studio Solution File, Format Version 12.00
# Visual Studio 15
VisualStudioVersion = 15.0.27703.2000
MinimumVisualStudioVersion = 10.0.40219.1
Project("{FAE04EC0-301F-11D3-BF4B-00C04F79EFBC}") = "RazorPages.Web", "RazorPages.Web\RazorPages.Web.csproj", "{38AA9469-ED10-42AD-B83C-9FB9533D30F5}"
EndProject
Global
	GlobalSection(SolutionConfigurationPlatforms) = preSolution
		Debug|Any CPU = Debug|Any CPU
		Release|Any CPU = Release|Any CPU
	EndGlobalSection
	GlobalSection(ProjectConfigurationPlatforms) = postSolution
		{38AA9469-ED10-42AD-B83C-9FB9533D30F5}.Debug|Any CPU.ActiveCfg = Debug|Any CPU
		{38AA9469-ED10-42AD-B83C-9FB9533D30F5}.Debug|Any CPU.Build.0 = Debug|Any CPU
		{38AA9469-ED10-42AD-B83C-9FB9533D30F5}.Release|Any CPU.ActiveCfg = Release|Any CPU
		{38AA9469-ED10-42AD-B83C-9FB9533D30F5}.Release|Any CPU.Build.0 = Release|Any CPU
	EndGlobalSection
	GlobalSection(SolutionProperties) = preSolution
		HideSolutionNode = FALSE
	EndGlobalSection
	GlobalSection(ExtensibilityGlobals) = postSolution
		SolutionGuid = {B312F9AA-ED3E-4B7E-B531-A64F3EA47112}
	EndGlobalSection
EndGlobal
